<?xml version="1.0" encoding="UTF-8" standalone="yes" ?>
<CodeBlocks_project_file>
	<FileVersion major="1" minor="6" />
	<Project>
		<Option title="august3" />
		<Option pch_mode="2" />
		<Option compiler="gcc" />
		<Build>
			<Target title="Debug">
				<Option output="bin/Debug/august3" prefix_auto="1" extension_auto="1" />
				<Option object_output="obj/Debug/" />
				<Option type="1" />
				<Option compiler="gcc" />
				<Compiler>
					<Add option="-g" />
				</Compiler>
			</Target>
			<Target title="Release">
				<Option output="bin/Release/august3" prefix_auto="1" extension_auto="1" />
				<Option object_output="obj/Release/" />
				<Option type="1" />
				<Option compiler="gcc" />
				<Compiler>
					<Add option="-O2" />
				</Compiler>
				<Linker>
					<Add option="-s" />
				</Linker>
			</Target>
		</Build>
		<Compiler>
			<Add option="-Wall" />
		</Compiler>
		<Unit filename="attacktable.c">
			<Option compilerVar="CC" />
		</Unit>
		<Unit filename="attacktable.h" />
		<Unit filename="bitboard.c">
			<Option compilerVar="CC" />
		</Unit>
		<Unit filename="bitboard.h" />
		<Unit filename="magicbitboard.c">
			<Option compilerVar="CC" />
		</Unit>
		<Unit filename="magicbitboard.h" />
		<Unit filename="main.c">
			<Option compilerVar="CC" />
		</Unit>
		<Unit filename="movegen.c">
			<Option compilerVar="CC" />
		</Unit>
		<Unit filename="movegen.h" />
		<Unit filename="perft.c">
			<Option compilerVar="CC" />
		</Unit>
		<Unit filename="perft.h" />
		<Unit filename="uci.c">
			<Option compilerVar="CC" />
		</Unit>
		<Unit filename="uci.h" />
		<Unit filename="util.c">
			<Option compilerVar="CC" />
		</Unit>
		<Unit filename="util.h" />
		<Extensions>
			<lib_finder disable_auto="1" />
		</Extensions>
	</Project>
</CodeBlocks_project_file>
